
Microsoft Visual Studio Solution File, Format Version 12.00
# Visual Studio Version 17
VisualStudioVersion = 17.0.31903.59
MinimumVisualStudioVersion = 10.0.40219.1
Project("{2150E333-8FDC-42A3-9474-1A3956D46DE8}") = "src", "src", "{AF6D9612-DF88-4C63-B878-EFF816F153C9}"
EndProject
Project("{FAE04EC0-301F-11D3-BF4B-00C04F79EFBC}") = "impactAnalyzer.console", "src\impactAnalyzer.console\impactAnalyzer.console.csproj", "{C02B2304-D3D5-4C8C-BAB5-D3C769D24A1A}"
EndProject
Global
	GlobalSection(SolutionConfigurationPlatforms) = preSolution
		Debug|Any CPU = Debug|Any CPU
		Release|Any CPU = Release|Any CPU
	EndGlobalSection
	GlobalSection(SolutionProperties) = preSolution
		HideSolutionNode = FALSE
	EndGlobalSection
	GlobalSection(ProjectConfigurationPlatforms) = postSolution
		{C02B2304-D3D5-4C8C-BAB5-D3C769D24A1A}.Debug|Any CPU.ActiveCfg = Debug|Any CPU
		{C02B2304-D3D5-4C8C-BAB5-D3C769D24A1A}.Debug|Any CPU.Build.0 = Debug|Any CPU
		{C02B2304-D3D5-4C8C-BAB5-D3C769D24A1A}.Release|Any CPU.ActiveCfg = Release|Any CPU
		{C02B2304-D3D5-4C8C-BAB5-D3C769D24A1A}.Release|Any CPU.Build.0 = Release|Any CPU
	EndGlobalSection
	GlobalSection(NestedProjects) = preSolution
		{C02B2304-D3D5-4C8C-BAB5-D3C769D24A1A} = {AF6D9612-DF88-4C63-B878-EFF816F153C9}
	EndGlobalSection
EndGlobal
